
Microsoft Visual Studio Solution File, Format Version 12.00
# Visual Studio Version 16
VisualStudioVersion = 16.0.29613.14
MinimumVisualStudioVersion = 10.0.40219.1
Project("{FAE04EC0-301F-11D3-BF4B-00C04F79EFBC}") = "ThoughtBubble", "ThoughtBubble.csproj", "{0AF09B4E-7503-4719-A067-8F6730E12A8E}"
EndProject
Global
	GlobalSection(SolutionConfigurationPlatforms) = preSolution
		Debug|Any CPU = Debug|Any CPU
		Release|Any CPU = Release|Any CPU
	EndGlobalSection
	GlobalSection(ProjectConfigurationPlatforms) = postSolution
		{0AF09B4E-7503-4719-A067-8F6730E12A8E}.Debug|Any CPU.ActiveCfg = Debug|Any CPU
		{0AF09B4E-7503-4719-A067-8F6730E12A8E}.Debug|Any CPU.Build.0 = Debug|Any CPU
		{0AF09B4E-7503-4719-A067-8F6730E12A8E}.Release|Any CPU.ActiveCfg = Release|Any CPU
		{0AF09B4E-7503-4719-A067-8F6730E12A8E}.Release|Any CPU.Build.0 = Release|Any CPU
	EndGlobalSection
	GlobalSection(SolutionProperties) = preSolution
		HideSolutionNode = FALSE
	EndGlobalSection
	GlobalSection(ExtensibilityGlobals) = postSolution
		SolutionGuid = {B9B1C6CE-B50B-443A-A637-F941E6623653}
	EndGlobalSection
EndGlobal
